
Microsoft Visual Studio Solution File, Format Version 12.00
# Visual Studio Version 16
VisualStudioVersion = 16.0.33130.400
MinimumVisualStudioVersion = 10.0.40219.1
Project("{8BC9CEB8-8B4A-11D0-8D11-00A0C91BC942}") = "Example5LineIntersection", "Example5LineIntersection.vcxproj", "{FD7231F2-3F39-45E8-9832-1E4BF2D46079}"
EndProject
Global
	GlobalSection(SolutionConfigurationPlatforms) = preSolution
		Debug|x64 = Debug|x64
		Debug|x86 = Debug|x86
		Release|x64 = Release|x64
		Release|x86 = Release|x86
	EndGlobalSection
	GlobalSection(ProjectConfigurationPlatforms) = postSolution
		{FD7231F2-3F39-45E8-9832-1E4BF2D46079}.Debug|x64.ActiveCfg = Debug|x64
		{FD7231F2-3F39-45E8-9832-1E4BF2D46079}.Debug|x64.Build.0 = Debug|x64
		{FD7231F2-3F39-45E8-9832-1E4BF2D46079}.Debug|x86.ActiveCfg = Debug|Win32
		{FD7231F2-3F39-45E8-9832-1E4BF2D46079}.Debug|x86.Build.0 = Debug|Win32
		{FD7231F2-3F39-45E8-9832-1E4BF2D46079}.Release|x64.ActiveCfg = Release|x64
		{FD7231F2-3F39-45E8-9832-1E4BF2D46079}.Release|x64.Build.0 = Release|x64
		{FD7231F2-3F39-45E8-9832-1E4BF2D46079}.Release|x86.ActiveCfg = Release|Win32
		{FD7231F2-3F39-45E8-9832-1E4BF2D46079}.Release|x86.Build.0 = Release|Win32
	EndGlobalSection
	GlobalSection(SolutionProperties) = preSolution
		HideSolutionNode = FALSE
	EndGlobalSection
	GlobalSection(ExtensibilityGlobals) = postSolution
		SolutionGuid = {B42A2CF6-7A36-4B15-B892-959A9F8FCEF9}
	EndGlobalSection
EndGlobal
